
Microsoft Visual Studio Solution File, Format Version 12.00
# Visual Studio 15
VisualStudioVersion = 15.0.27004.2008
MinimumVisualStudioVersion = 10.0.40219.1
Project("{FAE04EC0-301F-11D3-BF4B-00C04F79EFBC}") = "MainframeProgramAnalysisTool", "MainframeProgramAnalysisTool\MainframeProgramAnalysisTool.csproj", "{F1263D86-6838-49C4-9BEE-BE65EA4CD024}"
EndProject
Project("{FAE04EC0-301F-11D3-BF4B-00C04F79EFBC}") = "MainframeProgramAnalysisTool.Tests", "MainframeProgramAnalysisTool.Tests\MainframeProgramAnalysisTool.Tests.csproj", "{6262AE5A-0741-4934-9CF9-BEF730B865CE}"
EndProject
Global
	GlobalSection(SolutionConfigurationPlatforms) = preSolution
		Debug|Any CPU = Debug|Any CPU
		Release|Any CPU = Release|Any CPU
	EndGlobalSection
	GlobalSection(ProjectConfigurationPlatforms) = postSolution
		{F1263D86-6838-49C4-9BEE-BE65EA4CD024}.Debug|Any CPU.ActiveCfg = Debug|Any CPU
		{F1263D86-6838-49C4-9BEE-BE65EA4CD024}.Debug|Any CPU.Build.0 = Debug|Any CPU
		{F1263D86-6838-49C4-9BEE-BE65EA4CD024}.Release|Any CPU.ActiveCfg = Release|Any CPU
		{F1263D86-6838-49C4-9BEE-BE65EA4CD024}.Release|Any CPU.Build.0 = Release|Any CPU
		{6262AE5A-0741-4934-9CF9-BEF730B865CE}.Debug|Any CPU.ActiveCfg = Debug|Any CPU
		{6262AE5A-0741-4934-9CF9-BEF730B865CE}.Debug|Any CPU.Build.0 = Debug|Any CPU
		{6262AE5A-0741-4934-9CF9-BEF730B865CE}.Release|Any CPU.ActiveCfg = Release|Any CPU
		{6262AE5A-0741-4934-9CF9-BEF730B865CE}.Release|Any CPU.Build.0 = Release|Any CPU
	EndGlobalSection
	GlobalSection(SolutionProperties) = preSolution
		HideSolutionNode = FALSE
	EndGlobalSection
	GlobalSection(ExtensibilityGlobals) = postSolution
		SolutionGuid = {90853A74-50EC-40F6-BE01-BBD440554220}
	EndGlobalSection
EndGlobal
